
Microsoft Visual Studio Solution File, Format Version 12.00
# Visual Studio Version 17
VisualStudioVersion = 17.3.32929.385
MinimumVisualStudioVersion = 10.0.40219.1
Project("{9A19103F-16F7-4668-BE54-9A1E7A4F7556}") = "Integrador.Consumidor.Worker", "Integrador.Consumidor.Worker\Integrador.Consumidor.Worker.csproj", "{7EB92E64-6F5D-4419-AA21-4F8DC0E9AF43}"
EndProject
Project("{9A19103F-16F7-4668-BE54-9A1E7A4F7556}") = "Integrador.Common", "Integrador.Common\Integrador.Common.csproj", "{8029EED5-30AE-418D-98B5-8502163EF3D8}"
EndProject
Project("{2150E333-8FDC-42A3-9474-1A3956D46DE8}") = "Solution Items", "Solution Items", "{7A4AD020-3E2F-4E75-842E-D58D4EA13823}"
	ProjectSection(SolutionItems) = preProject
		.editorconfig = .editorconfig
	EndProjectSection
EndProject
Project("{9A19103F-16F7-4668-BE54-9A1E7A4F7556}") = "Integrador.Produtor.Worker", "Integrador.Produtor.Worker\Integrador.Produtor.Worker.csproj", "{6F31F3B5-04F3-4D70-859A-272F443B6E44}"
EndProject
Project("{9A19103F-16F7-4668-BE54-9A1E7A4F7556}") = "Integrador.Faker.Worker", "Integrador.Faker.Worker\Integrador.Faker.Worker.csproj", "{7174DB8E-B60A-48AA-8EB6-F4E2B8ABAF66}"
EndProject
Global
	GlobalSection(SolutionConfigurationPlatforms) = preSolution
		Debug|Any CPU = Debug|Any CPU
		Release|Any CPU = Release|Any CPU
	EndGlobalSection
	GlobalSection(ProjectConfigurationPlatforms) = postSolution
		{7EB92E64-6F5D-4419-AA21-4F8DC0E9AF43}.Debug|Any CPU.ActiveCfg = Debug|Any CPU
		{7EB92E64-6F5D-4419-AA21-4F8DC0E9AF43}.Debug|Any CPU.Build.0 = Debug|Any CPU
		{7EB92E64-6F5D-4419-AA21-4F8DC0E9AF43}.Release|Any CPU.ActiveCfg = Release|Any CPU
		{7EB92E64-6F5D-4419-AA21-4F8DC0E9AF43}.Release|Any CPU.Build.0 = Release|Any CPU
		{8029EED5-30AE-418D-98B5-8502163EF3D8}.Debug|Any CPU.ActiveCfg = Debug|Any CPU
		{8029EED5-30AE-418D-98B5-8502163EF3D8}.Debug|Any CPU.Build.0 = Debug|Any CPU
		{8029EED5-30AE-418D-98B5-8502163EF3D8}.Release|Any CPU.ActiveCfg = Release|Any CPU
		{8029EED5-30AE-418D-98B5-8502163EF3D8}.Release|Any CPU.Build.0 = Release|Any CPU
		{6F31F3B5-04F3-4D70-859A-272F443B6E44}.Debug|Any CPU.ActiveCfg = Debug|Any CPU
		{6F31F3B5-04F3-4D70-859A-272F443B6E44}.Debug|Any CPU.Build.0 = Debug|Any CPU
		{6F31F3B5-04F3-4D70-859A-272F443B6E44}.Release|Any CPU.ActiveCfg = Release|Any CPU
		{6F31F3B5-04F3-4D70-859A-272F443B6E44}.Release|Any CPU.Build.0 = Release|Any CPU
		{7174DB8E-B60A-48AA-8EB6-F4E2B8ABAF66}.Debug|Any CPU.ActiveCfg = Debug|Any CPU
		{7174DB8E-B60A-48AA-8EB6-F4E2B8ABAF66}.Debug|Any CPU.Build.0 = Debug|Any CPU
		{7174DB8E-B60A-48AA-8EB6-F4E2B8ABAF66}.Release|Any CPU.ActiveCfg = Release|Any CPU
		{7174DB8E-B60A-48AA-8EB6-F4E2B8ABAF66}.Release|Any CPU.Build.0 = Release|Any CPU
	EndGlobalSection
	GlobalSection(SolutionProperties) = preSolution
		HideSolutionNode = FALSE
	EndGlobalSection
	GlobalSection(ExtensibilityGlobals) = postSolution
		SolutionGuid = {5AC84F1E-07ED-4DD3-A5A6-BB126227CFD5}
	EndGlobalSection
EndGlobal
